
Microsoft Visual Studio Solution File, Format Version 12.00
# Visual Studio 15
VisualStudioVersion = 15.0.27703.2026
MinimumVisualStudioVersion = 10.0.40219.1
Project("{9A19103F-16F7-4668-BE54-9A1E7A4F7556}") = "CharsetPoliceTest", "CharsetPoliceTest\CharsetPoliceTest.csproj", "{03CC3164-A969-4C22-B855-46C3E9CFC916}"
EndProject
Project("{9A19103F-16F7-4668-BE54-9A1E7A4F7556}") = "CharsetPolice", "CharsetPolice\CharsetPolice.csproj", "{5BD82FCF-C6A6-4A41-8912-2F8C0B521826}"
EndProject
Project("{FAE04EC0-301F-11D3-BF4B-00C04F79EFBC}") = "CharsetPoliceWeb", "CharsetPoliceWeb\CharsetPoliceWeb.csproj", "{B76DF3AF-B98B-421C-AF02-89367F1A2B52}"
EndProject
Global
	GlobalSection(SolutionConfigurationPlatforms) = preSolution
		Debug|Any CPU = Debug|Any CPU
		Release|Any CPU = Release|Any CPU
	EndGlobalSection
	GlobalSection(ProjectConfigurationPlatforms) = postSolution
		{03CC3164-A969-4C22-B855-46C3E9CFC916}.Debug|Any CPU.ActiveCfg = Debug|Any CPU
		{03CC3164-A969-4C22-B855-46C3E9CFC916}.Debug|Any CPU.Build.0 = Debug|Any CPU
		{03CC3164-A969-4C22-B855-46C3E9CFC916}.Release|Any CPU.ActiveCfg = Release|Any CPU
		{03CC3164-A969-4C22-B855-46C3E9CFC916}.Release|Any CPU.Build.0 = Release|Any CPU
		{5BD82FCF-C6A6-4A41-8912-2F8C0B521826}.Debug|Any CPU.ActiveCfg = Debug|Any CPU
		{5BD82FCF-C6A6-4A41-8912-2F8C0B521826}.Debug|Any CPU.Build.0 = Debug|Any CPU
		{5BD82FCF-C6A6-4A41-8912-2F8C0B521826}.Release|Any CPU.ActiveCfg = Release|Any CPU
		{5BD82FCF-C6A6-4A41-8912-2F8C0B521826}.Release|Any CPU.Build.0 = Release|Any CPU
		{B76DF3AF-B98B-421C-AF02-89367F1A2B52}.Debug|Any CPU.ActiveCfg = Debug|Any CPU
		{B76DF3AF-B98B-421C-AF02-89367F1A2B52}.Debug|Any CPU.Build.0 = Debug|Any CPU
		{B76DF3AF-B98B-421C-AF02-89367F1A2B52}.Release|Any CPU.ActiveCfg = Release|Any CPU
		{B76DF3AF-B98B-421C-AF02-89367F1A2B52}.Release|Any CPU.Build.0 = Release|Any CPU
	EndGlobalSection
	GlobalSection(SolutionProperties) = preSolution
		HideSolutionNode = FALSE
	EndGlobalSection
	GlobalSection(ExtensibilityGlobals) = postSolution
		SolutionGuid = {683E45CB-2D8D-4146-BFC1-9DA614E2E154}
	EndGlobalSection
EndGlobal
