
Microsoft Visual Studio Solution File, Format Version 12.00
# Visual Studio 15
VisualStudioVersion = 15.0.27703.2026
MinimumVisualStudioVersion = 10.0.40219.1
Project("{FAE04EC0-301F-11D3-BF4B-00C04F79EFBC}") = "CharsetPolice", "CharsetPolice\CharsetPolice.csproj", "{8AAEE4E9-E46E-409F-A21B-EDD73D4F041A}"
EndProject
Global
	GlobalSection(SolutionConfigurationPlatforms) = preSolution
		Debug|Any CPU = Debug|Any CPU
		Release|Any CPU = Release|Any CPU
	EndGlobalSection
	GlobalSection(ProjectConfigurationPlatforms) = postSolution
		{8AAEE4E9-E46E-409F-A21B-EDD73D4F041A}.Debug|Any CPU.ActiveCfg = Debug|Any CPU
		{8AAEE4E9-E46E-409F-A21B-EDD73D4F041A}.Debug|Any CPU.Build.0 = Debug|Any CPU
		{8AAEE4E9-E46E-409F-A21B-EDD73D4F041A}.Release|Any CPU.ActiveCfg = Release|Any CPU
		{8AAEE4E9-E46E-409F-A21B-EDD73D4F041A}.Release|Any CPU.Build.0 = Release|Any CPU
	EndGlobalSection
	GlobalSection(SolutionProperties) = preSolution
		HideSolutionNode = FALSE
	EndGlobalSection
	GlobalSection(ExtensibilityGlobals) = postSolution
		SolutionGuid = {683E45CB-2D8D-4146-BFC1-9DA614E2E154}
	EndGlobalSection
EndGlobal
